# This file was autogenerated by Stack.
# You should not edit this file by hand.
# For more information, please see the documentation at:
#   https://docs.haskellstack.org/en/stable/lock_files

packages:
- completed:
    hackage: mysql-haskell-0.8.4.3@sha256:d3ca21ae8cc88670f8adb17c7cacb8bb770f1a58d60b5bff346d1f3fc843d98c,3489
    pantry-tree:
      sha256: c974f4d4f24bb7e17d633301a442a0a5162d30e163cad618a961d61192b6debc
      size: 1754
  original:
    hackage: mysql-haskell-0.8.4.3@sha256:d3ca21ae8cc88670f8adb17c7cacb8bb770f1a58d60b5bff346d1f3fc843d98c,3489
- completed:
    hackage: binary-ieee754-0.1.0.0@sha256:9e1412d319313d60783c2da43fe01e9279ece39f6025647834584fa723b5374c,1038
    pantry-tree:
      sha256: 554069d6f5d4527ed0f6cc78df5dfafa967492ae477c82d41be8a919676dcd0c
      size: 321
  original:
    hackage: binary-ieee754-0.1.0.0@sha256:9e1412d319313d60783c2da43fe01e9279ece39f6025647834584fa723b5374c,1038
- completed:
    hackage: binary-parsers-0.2.4.0@sha256:8c3a436df2d721cb3268c3c56f9ce982bc5dbcd6e6db4cce24e96d1d48078678,3595
    pantry-tree:
      sha256: fc345d67d2cb2a08beb45626bd9d26eb294849eba7632068b270528ea788217a
      size: 3556
  original:
    hackage: binary-parsers-0.2.4.0@sha256:8c3a436df2d721cb3268c3c56f9ce982bc5dbcd6e6db4cce24e96d1d48078678,3595
- completed:
    hackage: blaze-textual-0.2.2.1@sha256:42ab6bfe5b4ad4e703d2f55fcf6e67c6e561e7defc563723ca5978d4c78468bf,2573
    pantry-tree:
      sha256: 2500c14c890976a24ca451d3f4f2389571886a48704562127a13e016b7635f81
      size: 557
  original:
    hackage: blaze-textual-0.2.2.1@sha256:42ab6bfe5b4ad4e703d2f55fcf6e67c6e561e7defc563723ca5978d4c78468bf,2573
- completed:
    hackage: bytestring-lexing-0.5.0.9@sha256:c40518fb2520be5d0005460ff72919d8e8b3c994f23ddd834a4ebb7070dfbaf7,6138
    pantry-tree:
      sha256: c03e2ddda35304993ed80f30271125f890854460e8a30e2cfbb75897a48feb34
      size: 706
  original:
    hackage: bytestring-lexing-0.5.0.9@sha256:c40518fb2520be5d0005460ff72919d8e8b3c994f23ddd834a4ebb7070dfbaf7,6138
- completed:
    hackage: cryptonite-0.30@sha256:12c85dea7be63e5ad90bcb487eb3846bf3c413347f94336fa1dede7b28f9936a,18301
    pantry-tree:
      sha256: df1cbe4cc40d569cc75ffed40bc5deac43cb085653980b42b9b6a5d4b745a30a
      size: 23323
  original:
    hackage: cryptonite-0.30@sha256:12c85dea7be63e5ad90bcb487eb3846bf3c413347f94336fa1dede7b28f9936a,18301
- completed:
    hackage: io-streams-1.5.2.2@sha256:67e2f846b6b925f9dc2d2120d4c6058b2e50f56c14e3deb1ab4300dfd10ce1db,9646
    pantry-tree:
      sha256: 254c2b45a5da23d1fd7328e38a1f85b22b75d558b84951bf7e2a4ee8bd02fd1d
      size: 3465
  original:
    hackage: io-streams-1.5.2.2@sha256:67e2f846b6b925f9dc2d2120d4c6058b2e50f56c14e3deb1ab4300dfd10ce1db,9646
- completed:
    hackage: memory-0.15.0@sha256:c8f08e04d68a4a8bdbf6eed1cbf57f26f1d59beadf986a3ac18c78bf8a07a439,5005
    pantry-tree:
      sha256: 36467aba68018011598b171641ba73ecec2a21febb2235b1ac61a579297806cb
      size: 2509
  original:
    hackage: memory-0.15.0@sha256:c8f08e04d68a4a8bdbf6eed1cbf57f26f1d59beadf986a3ac18c78bf8a07a439,5005
- completed:
    hackage: monad-loops-0.4.3@sha256:ada4f1295ece07f9a7398bc5b40c4532f95a733a8604d2a2f57f05f878766df2,1751
    pantry-tree:
      sha256: c8d919cbf7cda1c8551534cb17844c56cbfcbf1b18667b1a0700b97c87ff5059
      size: 243
  original:
    hackage: monad-loops-0.4.3@sha256:ada4f1295ece07f9a7398bc5b40c4532f95a733a8604d2a2f57f05f878766df2,1751
- completed:
    hackage: network-3.1.2.7@sha256:e3d78b13db9512aeb106e44a334ab42b7aa48d26c097299084084cb8be5c5568,4888
    pantry-tree:
      sha256: 1981a732d1917213de7f51d26255af733a61918c59eebb6c6f6ca939856839ef
      size: 3971
  original:
    hackage: network-3.1.2.7@sha256:e3d78b13db9512aeb106e44a334ab42b7aa48d26c097299084084cb8be5c5568,4888
- completed:
    hackage: scientific-0.3.7.0@sha256:517444c944dad9db8235d7b311d7b9a0839a519ee3178288b5a9606256e0c7d8,4840
    pantry-tree:
      sha256: 27d0f081a1b8243e2558a82776ab4725f3db131e69f042cc44a0d3987611ec01
      size: 657
  original:
    hackage: scientific-0.3.7.0@sha256:517444c944dad9db8235d7b311d7b9a0839a519ee3178288b5a9606256e0c7d8,4840
- completed:
    hackage: tcp-streams-1.0.1.1@sha256:35e9ecfa515797052f8c3c01834d2daebd5e93f3152c7fc98b32652bf6f0c052,2329
    pantry-tree:
      sha256: 572071fca40a0b6c4cc950d10277a6f12e83cf4846882b6ef83fcccaa2c18c45
      size: 1004
  original:
    hackage: tcp-streams-1.0.1.1@sha256:35e9ecfa515797052f8c3c01834d2daebd5e93f3152c7fc98b32652bf6f0c052,2329
- completed:
    hackage: tls-1.5.8@sha256:891071593fb69ff9e8540e6a3ea4428b24eac3bcc8960d434019d292f3a8be3b,6995
    pantry-tree:
      sha256: 462c30deb5cd1894badd3de3f44d73c779e989d10a998d58a987d73016315723
      size: 4897
  original:
    hackage: tls-1.5.8@sha256:891071593fb69ff9e8540e6a3ea4428b24eac3bcc8960d434019d292f3a8be3b,6995
- completed:
    hackage: vector-0.13.0.0@sha256:54528e95501742b99462cc543891f21177e7db34d960ce8e3cbb25afb16a9c89,9112
    pantry-tree:
      sha256: 70b31fa3803fc53ff469beba9e5022e92f6704e9b0ece953a0373b35ef09ca4d
      size: 4092
  original:
    hackage: vector-0.13.0.0@sha256:54528e95501742b99462cc543891f21177e7db34d960ce8e3cbb25afb16a9c89,9112
- completed:
    hackage: wire-streams-0.1.1.0@sha256:08816c7fa53b20f52e5c465252c106d9de8e6d9580ec0b6d9f000a34c7bcefc8,2130
    pantry-tree:
      sha256: c99a12bfcbeacc5da8f166fbed1eb105a45f08be1a3a071fe9f903b386b14e1d
      size: 506
  original:
    hackage: wire-streams-0.1.1.0@sha256:08816c7fa53b20f52e5c465252c106d9de8e6d9580ec0b6d9f000a34c7bcefc8,2130
- completed:
    hackage: word24-2.0.1@sha256:15ac6a8d4ce06751e1ad1aac3bac43ded243db929fc29bf0055f8b3f90a512d6,1417
    pantry-tree:
      sha256: b08064f19a52c41ffbe21f998590bc3e88743019187f50e8ac7fac0018d9fb4c
      size: 501
  original:
    hackage: word24-2.0.1@sha256:15ac6a8d4ce06751e1ad1aac3bac43ded243db929fc29bf0055f8b3f90a512d6,1417
- completed:
    hackage: asn1-encoding-0.9.6@sha256:27ed8f6043aed79630313bb931f7c8e2b510f0b4586cd55c16ae040c7d1ea098,2060
    pantry-tree:
      sha256: 09963511234ed8fdd0682b10e8366de5105cc513d4daa014d7990496b788b122
      size: 981
  original:
    hackage: asn1-encoding-0.9.6@sha256:27ed8f6043aed79630313bb931f7c8e2b510f0b4586cd55c16ae040c7d1ea098,2060
- completed:
    hackage: asn1-types-0.3.4@sha256:8e879b3a5bbdd0031232eb84d904b5a3a2c20a18847692b996d774f4ff811355,1025
    pantry-tree:
      sha256: 254adba538008f12853e83b8909ba11ef11e9b8bcb1edc3a97dc6fdb29dad45a
      size: 525
  original:
    hackage: asn1-types-0.3.4@sha256:8e879b3a5bbdd0031232eb84d904b5a3a2c20a18847692b996d774f4ff811355,1025
- completed:
    hackage: async-2.2.4@sha256:2b9409023536823233ce3134558565d01b3382e651fa54ac8cb8a99967e023c9,3095
    pantry-tree:
      sha256: c0ae9bb497eb1ba805d811b2a77f058301b092c6a4a733673fda9d9a85e8ba05
      size: 501
  original:
    hackage: async-2.2.4@sha256:2b9409023536823233ce3134558565d01b3382e651fa54ac8cb8a99967e023c9,3095
- completed:
    hackage: attoparsec-0.14.4@sha256:c0569d86c02cadd403017ea414dcb5e4f7de5380de0d8a92b9337cad84cd5e02,5811
    pantry-tree:
      sha256: 093521478c28b3d4533f8ca367562e340ef3db234156a2b9aa7caa45d87e61c1
      size: 5039
  original:
    hackage: attoparsec-0.14.4@sha256:c0569d86c02cadd403017ea414dcb5e4f7de5380de0d8a92b9337cad84cd5e02,5811
- completed:
    hackage: basement-0.0.15@sha256:2bf8ea6a351fb049399ccf1fa2c2513ddb0d8274b87bd9146ed7603fa06cd8a8,5404
    pantry-tree:
      sha256: 0ab19e9c07571797bc6c278bcc3fa2e7d056d2e8be368784a2f4d8f0e2ca43ba
      size: 5799
  original:
    hackage: basement-0.0.15@sha256:2bf8ea6a351fb049399ccf1fa2c2513ddb0d8274b87bd9146ed7603fa06cd8a8,5404
- completed:
    hackage: blaze-builder-0.4.2.2@sha256:f0017df374c330de0ebe0eb15eae8c48427bddefa1d81a3cb31c0a4812ecdb08,3685
    pantry-tree:
      sha256: 5b6b4f7b1c9ca98bd7cb979849fc9e018b48ef49089c98b2766179b5087695ea
      size: 3102
  original:
    hackage: blaze-builder-0.4.2.2@sha256:f0017df374c330de0ebe0eb15eae8c48427bddefa1d81a3cb31c0a4812ecdb08,3685
- completed:
    hackage: cereal-0.5.8.3@sha256:87a227c7b510217ea059db3dd59d9665edd8f0d1d3d8de39458e371a1d9402fb,2767
    pantry-tree:
      sha256: 2d570ae699908d131b63fe176115809982f86ec4589cdbf42848aa2ca79209cb
      size: 641
  original:
    hackage: cereal-0.5.8.3@sha256:87a227c7b510217ea059db3dd59d9665edd8f0d1d3d8de39458e371a1d9402fb,2767
- completed:
    hackage: data-default-class-0.1.2.0@sha256:63e62120b7efd733a5a17cf59ceb43268e9a929c748127172d7d42f4a336e327,542
    pantry-tree:
      sha256: 5017630b11698aefa65fc61cab84a257ce97833c968d425e1b2d53d6c3b5c096
      size: 224
  original:
    hackage: data-default-class-0.1.2.0@sha256:63e62120b7efd733a5a17cf59ceb43268e9a929c748127172d7d42f4a336e327,542
- completed:
    hackage: hashable-1.4.1.0@sha256:50b2f002c68fe67730ee7a3cd8607486197dd99b084255005ad51ecd6970a41b,5019
    pantry-tree:
      sha256: 9af2f7a42674f7effcabbebc043f97057240783f1709338a77f58216f4a5f18c
      size: 1248
  original:
    hackage: hashable-1.4.1.0@sha256:50b2f002c68fe67730ee7a3cd8607486197dd99b084255005ad51ecd6970a41b,5019
- completed:
    hackage: hourglass-0.2.12@sha256:e083f5e030dfebe432e30a9c0fa07a99a54eac992f622442646be561fd7a44e8,3085
    pantry-tree:
      sha256: 2b452cfac948057203679468e3e856e7fdf884c3c051f42bc52ba6253ca896e0
      size: 1605
  original:
    hackage: hourglass-0.2.12@sha256:e083f5e030dfebe432e30a9c0fa07a99a54eac992f622442646be561fd7a44e8,3085
- completed:
    hackage: integer-logarithms-1.0.3.1@sha256:d59bfd1d39808217af2b68789d3c0e57cb7199d47405a276060d88fef4f4017d,3246
    pantry-tree:
      sha256: a74cf31b8152f5b761fe0133fe394012bb796f12242cdd3f49e538552b48fab7
      size: 865
  original:
    hackage: integer-logarithms-1.0.3.1@sha256:d59bfd1d39808217af2b68789d3c0e57cb7199d47405a276060d88fef4f4017d,3246
- completed:
    hackage: old-locale-1.0.0.7@sha256:fa998be2c7e00cd26a6e9075bea790caaf3932caa3e9497ad69bc20380dd6911,1071
    pantry-tree:
      sha256: 462ef15cb35164d585aa3860f717c9685fbf05578330490860abd544381d2e24
      size: 263
  original:
    hackage: old-locale-1.0.0.7@sha256:fa998be2c7e00cd26a6e9075bea790caaf3932caa3e9497ad69bc20380dd6911,1071
- completed:
    hackage: pem-0.2.4@sha256:cc8e62118b783e284dc0fa032f54fe386a3861a948ec88079370a433c103a705,1441
    pantry-tree:
      sha256: 2413dd2c97c72d6e00330057b158973faa6336de068a9be4d6fdcfd474485f77
      size: 425
  original:
    hackage: pem-0.2.4@sha256:cc8e62118b783e284dc0fa032f54fe386a3861a948ec88079370a433c103a705,1441
- completed:
    hackage: primitive-0.7.4.0@sha256:89b88a3e08493b7727fa4089b0692bfbdf7e1e666ef54635f458644eb8358764,2857
    pantry-tree:
      sha256: 71a850c658b70e869da19f61615d87d9d6ecec597f0e3d4b498da56559114829
      size: 1655
  original:
    hackage: primitive-0.7.4.0@sha256:89b88a3e08493b7727fa4089b0692bfbdf7e1e666ef54635f458644eb8358764,2857
- completed:
    hackage: vector-stream-0.1.0.0@sha256:09b0f8dc4e51936b9d6b04791f0aa03f7c9759b5fb7140eac8a9461cda1e55a3,1404
    pantry-tree:
      sha256: 3753f1a0a0889a87e185a5a4537f6cf6f0dea1b71b8b2655c016dddcc2519fea
      size: 325
  original:
    hackage: vector-stream-0.1.0.0@sha256:09b0f8dc4e51936b9d6b04791f0aa03f7c9759b5fb7140eac8a9461cda1e55a3,1404
- completed:
    hackage: x509-1.7.7@sha256:90eef2d745a654146fc1c325e035eaddac531e4d2145d4bc1dcf4b8fad439d34,2276
    pantry-tree:
      sha256: d81ffd09633c0417bcedbfc29f870cc843ec0750edd2f73c8fd60a5e5df278d2
      size: 1124
  original:
    hackage: x509-1.7.7@sha256:90eef2d745a654146fc1c325e035eaddac531e4d2145d4bc1dcf4b8fad439d34,2276
- completed:
    hackage: x509-store-1.6.9@sha256:1f1abeab5bacf1407b920d0f34f4c35a5ad450ff0d8121cd3dc76460f81e711d,1716
    pantry-tree:
      sha256: 9fc5a6a997af3569c79d5062534cc9836721b39df86bef56308f209164ab500d
      size: 398
  original:
    hackage: x509-store-1.6.9@sha256:1f1abeab5bacf1407b920d0f34f4c35a5ad450ff0d8121cd3dc76460f81e711d,1716
- completed:
    hackage: x509-system-1.6.7@sha256:45ddd5db19f18be80614e058e8838765f2749a8afcfd2b292bd6afb36820a3c0,1492
    pantry-tree:
      sha256: bc736fef360079192c471d5cf122f696442f29e5332aaa45f1d8571f50a4210e
      size: 391
  original:
    hackage: x509-system-1.6.7@sha256:45ddd5db19f18be80614e058e8838765f2749a8afcfd2b292bd6afb36820a3c0,1492
- completed:
    hackage: x509-validation-1.6.12@sha256:4f4af20ec77f02c042ecd4726c195bb0e0b694b336de81e7bd4515b2917bd9bc,2169
    pantry-tree:
      sha256: f95c21aa9671b10f9384b89c018874246f68220b63266172b47a747b62695e23
      size: 631
  original:
    hackage: x509-validation-1.6.12@sha256:4f4af20ec77f02c042ecd4726c195bb0e0b694b336de81e7bd4515b2917bd9bc,2169
- completed:
    hackage: zlib-bindings-0.1.1.5@sha256:0c6f9f81832af2473281fd58631aff8c6bbad24191e00d2a5a6ae2479249043b,1641
    pantry-tree:
      sha256: 58fd9cd38b0899c77bb96904fc8293afdb58ac400b441f9cb772e39db77c0451
      size: 984
  original:
    hackage: zlib-bindings-0.1.1.5@sha256:0c6f9f81832af2473281fd58631aff8c6bbad24191e00d2a5a6ae2479249043b,1641
- completed:
    hackage: asn1-parse-0.9.5@sha256:77c0126d63070df2d82cb4cfa4febb26c4e280f6d854bc778c2fa4d80ce692b8,976
    pantry-tree:
      sha256: 2a6766aa05af5b045ff2d097b5f99621f983d471e254079ef4e56acff26b2248
      size: 212
  original:
    hackage: asn1-parse-0.9.5@sha256:77c0126d63070df2d82cb4cfa4febb26c4e280f6d854bc778c2fa4d80ce692b8,976
- completed:
    hackage: base-orphans-0.8.7@sha256:58d5514b688ec037f53b9d60097b9d87f6b3847da68f65124987d67222c3a334,3175
    pantry-tree:
      sha256: b2433cf19ebc5696130ecf39a3ed756cdb00fd508423643b0cdd6f125c9803da
      size: 1272
  original:
    hackage: base-orphans-0.8.7@sha256:58d5514b688ec037f53b9d60097b9d87f6b3847da68f65124987d67222c3a334,3175
- completed:
    hackage: zlib-0.6.3.0@sha256:8214a9d37580f17f8b675109578a5dbe6853559eef156e34dc2233f1123ace33,5216
    pantry-tree:
      sha256: 87b7fd16379d679eb01d9fae78b4db97356d301fce4a040ba9e690d16eeb98b2
      size: 2622
  original:
    hackage: zlib-0.6.3.0@sha256:8214a9d37580f17f8b675109578a5dbe6853559eef156e34dc2233f1123ace33,5216
snapshots: []
